
Microsoft Visual Studio Solution File, Format Version 12.00
# Visual Studio 15
VisualStudioVersion = 15.0.28307.572
MinimumVisualStudioVersion = 10.0.40219.1
Project("{FAE04EC0-301F-11D3-BF4B-00C04F79EFBC}") = "ConsoleApp1", "ConsoleApp1\ConsoleApp1.csproj", "{E61A5954-BD3A-469B-A112-5CECD33FE162}"
EndProject
Project("{FAE04EC0-301F-11D3-BF4B-00C04F79EFBC}") = "DictionaryLoaderTest", "DictionaryLoaderTest\DictionaryLoaderTest.csproj", "{1372195B-0F4A-41A8-B4B5-9CD39403F4D8}"
EndProject
Project("{FAE04EC0-301F-11D3-BF4B-00C04F79EFBC}") = "WindowsFormsApp1", "WindowsFormsApp1\WindowsFormsApp1.csproj", "{838B7C29-9766-4215-A695-79BFFCAF384F}"
EndProject
Project("{FAE04EC0-301F-11D3-BF4B-00C04F79EFBC}") = "ContentConverterTest", "ContentConverterTest\ContentConverterTest.csproj", "{71FEB38A-27E8-4F25-AAA6-A0451410694A}"
EndProject
Project("{FAE04EC0-301F-11D3-BF4B-00C04F79EFBC}") = "LibConverterAndDictionaryLoader", "LibConverterAndDictionaryLoader\LibConverterAndDictionaryLoader.csproj", "{15B994BA-50A7-4C04-BBB4-0816310E6AF2}"
EndProject
Global
	GlobalSection(SolutionConfigurationPlatforms) = preSolution
		Debug|Any CPU = Debug|Any CPU
		Release|Any CPU = Release|Any CPU
	EndGlobalSection
	GlobalSection(ProjectConfigurationPlatforms) = postSolution
		{E61A5954-BD3A-469B-A112-5CECD33FE162}.Debug|Any CPU.ActiveCfg = Debug|Any CPU
		{E61A5954-BD3A-469B-A112-5CECD33FE162}.Debug|Any CPU.Build.0 = Debug|Any CPU
		{E61A5954-BD3A-469B-A112-5CECD33FE162}.Release|Any CPU.ActiveCfg = Release|Any CPU
		{E61A5954-BD3A-469B-A112-5CECD33FE162}.Release|Any CPU.Build.0 = Release|Any CPU
		{1372195B-0F4A-41A8-B4B5-9CD39403F4D8}.Debug|Any CPU.ActiveCfg = Debug|Any CPU
		{1372195B-0F4A-41A8-B4B5-9CD39403F4D8}.Debug|Any CPU.Build.0 = Debug|Any CPU
		{1372195B-0F4A-41A8-B4B5-9CD39403F4D8}.Release|Any CPU.ActiveCfg = Release|Any CPU
		{1372195B-0F4A-41A8-B4B5-9CD39403F4D8}.Release|Any CPU.Build.0 = Release|Any CPU
		{838B7C29-9766-4215-A695-79BFFCAF384F}.Debug|Any CPU.ActiveCfg = Debug|Any CPU
		{838B7C29-9766-4215-A695-79BFFCAF384F}.Debug|Any CPU.Build.0 = Debug|Any CPU
		{838B7C29-9766-4215-A695-79BFFCAF384F}.Release|Any CPU.ActiveCfg = Release|Any CPU
		{838B7C29-9766-4215-A695-79BFFCAF384F}.Release|Any CPU.Build.0 = Release|Any CPU
		{71FEB38A-27E8-4F25-AAA6-A0451410694A}.Debug|Any CPU.ActiveCfg = Debug|Any CPU
		{71FEB38A-27E8-4F25-AAA6-A0451410694A}.Debug|Any CPU.Build.0 = Debug|Any CPU
		{71FEB38A-27E8-4F25-AAA6-A0451410694A}.Release|Any CPU.ActiveCfg = Release|Any CPU
		{71FEB38A-27E8-4F25-AAA6-A0451410694A}.Release|Any CPU.Build.0 = Release|Any CPU
		{15B994BA-50A7-4C04-BBB4-0816310E6AF2}.Debug|Any CPU.ActiveCfg = Debug|Any CPU
		{15B994BA-50A7-4C04-BBB4-0816310E6AF2}.Debug|Any CPU.Build.0 = Debug|Any CPU
		{15B994BA-50A7-4C04-BBB4-0816310E6AF2}.Release|Any CPU.ActiveCfg = Release|Any CPU
		{15B994BA-50A7-4C04-BBB4-0816310E6AF2}.Release|Any CPU.Build.0 = Release|Any CPU
	EndGlobalSection
	GlobalSection(SolutionProperties) = preSolution
		HideSolutionNode = FALSE
	EndGlobalSection
	GlobalSection(ExtensibilityGlobals) = postSolution
		SolutionGuid = {62340B77-487C-47A4-A1BB-B2011D70C7F5}
	EndGlobalSection
EndGlobal
