
Microsoft Visual Studio Solution File, Format Version 12.00
# Visual Studio 15
VisualStudioVersion = 15.0.28307.572
MinimumVisualStudioVersion = 10.0.40219.1
Project("{FAE04EC0-301F-11D3-BF4B-00C04F79EFBC}") = "ConsoleApp1", "ConsoleApp1\ConsoleApp1.csproj", "{E61A5954-BD3A-469B-A112-5CECD33FE162}"
EndProject
Global
	GlobalSection(SolutionConfigurationPlatforms) = preSolution
		Debug|Any CPU = Debug|Any CPU
		Release|Any CPU = Release|Any CPU
	EndGlobalSection
	GlobalSection(ProjectConfigurationPlatforms) = postSolution
		{E61A5954-BD3A-469B-A112-5CECD33FE162}.Debug|Any CPU.ActiveCfg = Debug|Any CPU
		{E61A5954-BD3A-469B-A112-5CECD33FE162}.Debug|Any CPU.Build.0 = Debug|Any CPU
		{E61A5954-BD3A-469B-A112-5CECD33FE162}.Release|Any CPU.ActiveCfg = Release|Any CPU
		{E61A5954-BD3A-469B-A112-5CECD33FE162}.Release|Any CPU.Build.0 = Release|Any CPU
	EndGlobalSection
	GlobalSection(SolutionProperties) = preSolution
		HideSolutionNode = FALSE
	EndGlobalSection
	GlobalSection(ExtensibilityGlobals) = postSolution
		SolutionGuid = {62340B77-487C-47A4-A1BB-B2011D70C7F5}
	EndGlobalSection
EndGlobal
